
Microsoft Visual Studio Solution File, Format Version 12.00
# Visual Studio Version 17
VisualStudioVersion = 17.9.34723.18
MinimumVisualStudioVersion = 10.0.40219.1
Project("{FAE04EC0-301F-11D3-BF4B-00C04F79EFBC}") = "BookSort", "BookSort.csproj", "{57C90020-BF2B-488A-ADC2-33E8CF53901B}"
EndProject
Global
	GlobalSection(SolutionConfigurationPlatforms) = preSolution
		Debug|Any CPU = Debug|Any CPU
		Release|Any CPU = Release|Any CPU
	EndGlobalSection
	GlobalSection(ProjectConfigurationPlatforms) = postSolution
		{57C90020-BF2B-488A-ADC2-33E8CF53901B}.Debug|Any CPU.ActiveCfg = Debug|Any CPU
		{57C90020-BF2B-488A-ADC2-33E8CF53901B}.Debug|Any CPU.Build.0 = Debug|Any CPU
		{57C90020-BF2B-488A-ADC2-33E8CF53901B}.Release|Any CPU.ActiveCfg = Release|Any CPU
		{57C90020-BF2B-488A-ADC2-33E8CF53901B}.Release|Any CPU.Build.0 = Release|Any CPU
	EndGlobalSection
	GlobalSection(SolutionProperties) = preSolution
		HideSolutionNode = FALSE
	EndGlobalSection
	GlobalSection(ExtensibilityGlobals) = postSolution
		SolutionGuid = {0CAAF7B5-D041-49F7-8028-88CF83A62CE8}
	EndGlobalSection
EndGlobal
